
Microsoft Visual Studio Solution File, Format Version 12.00
# Visual Studio Version 16
VisualStudioVersion = 16.0.30717.126
MinimumVisualStudioVersion = 10.0.40219.1
Project("{9A19103F-16F7-4668-BE54-9A1E7A4F7556}") = "XUnitDemo", "XUnitDemo\XUnitDemo.csproj", "{1C6953C0-F1E6-431A-8590-7D55865C06FE}"
EndProject
Project("{9A19103F-16F7-4668-BE54-9A1E7A4F7556}") = "GameEngine.Tests", "GameEngine.Tests\GameEngine.Tests.csproj", "{AE072136-8411-418D-90AF-592B9843E17F}"
EndProject
Global
	GlobalSection(SolutionConfigurationPlatforms) = preSolution
		Debug|Any CPU = Debug|Any CPU
		Release|Any CPU = Release|Any CPU
	EndGlobalSection
	GlobalSection(ProjectConfigurationPlatforms) = postSolution
		{1C6953C0-F1E6-431A-8590-7D55865C06FE}.Debug|Any CPU.ActiveCfg = Debug|Any CPU
		{1C6953C0-F1E6-431A-8590-7D55865C06FE}.Debug|Any CPU.Build.0 = Debug|Any CPU
		{1C6953C0-F1E6-431A-8590-7D55865C06FE}.Release|Any CPU.ActiveCfg = Release|Any CPU
		{1C6953C0-F1E6-431A-8590-7D55865C06FE}.Release|Any CPU.Build.0 = Release|Any CPU
		{AE072136-8411-418D-90AF-592B9843E17F}.Debug|Any CPU.ActiveCfg = Debug|Any CPU
		{AE072136-8411-418D-90AF-592B9843E17F}.Debug|Any CPU.Build.0 = Debug|Any CPU
		{AE072136-8411-418D-90AF-592B9843E17F}.Release|Any CPU.ActiveCfg = Release|Any CPU
		{AE072136-8411-418D-90AF-592B9843E17F}.Release|Any CPU.Build.0 = Release|Any CPU
	EndGlobalSection
	GlobalSection(SolutionProperties) = preSolution
		HideSolutionNode = FALSE
	EndGlobalSection
	GlobalSection(ExtensibilityGlobals) = postSolution
		SolutionGuid = {B8DA9D25-EF08-40F2-B5E0-2CA08CB221CF}
	EndGlobalSection
EndGlobal
